// !$*UTF8*$!
{
	archiveVersion = 1;
	classes = {
	};
	objectVersion = 46;
	objects = {

/* Begin PBXBuildFile section */
		7061B08C15FA8E1A00A83E0A /* UIKit.framework in Frameworks */ = {isa = PBXBuildFile; fileRef = 7061B08B15FA8E1A00A83E0A /* UIKit.framework */; };
		7061B08E15FA8E1A00A83E0A /* Foundation.framework in Frameworks */ = {isa = PBXBuildFile; fileRef = 7061B08D15FA8E1A00A83E0A /* Foundation.framework */; };
		7061B09015FA8E1A00A83E0A /* CoreGraphics.framework in Frameworks */ = {isa = PBXBuildFile; fileRef = 7061B08F15FA8E1A00A83E0A /* CoreGraphics.framework */; };
		7061B09615FA8E1A00A83E0A /* InfoPlist.strings in Resources */ = {isa = PBXBuildFile; fileRef = 7061B09415FA8E1A00A83E0A /* InfoPlist.strings */; };
		7061B09815FA8E1A00A83E0A /* main.m in Sources */ = {isa = PBXBuildFile; fileRef = 7061B09715FA8E1A00A83E0A /* main.m */; };
		7061B09C15FA8E1A00A83E0A /* BRAppDelegate.m in Sources */ = {isa = PBXBuildFile; fileRef = 7061B09B15FA8E1A00A83E0A /* BRAppDelegate.m */; };
		7061B09F15FA8E1A00A83E0A /* MainStoryboard_iPhone.storyboard in Resources */ = {isa = PBXBuildFile; fileRef = 7061B09D15FA8E1A00A83E0A /* MainStoryboard_iPhone.storyboard */; };
		7061B0A215FA8E1A00A83E0A /* MainStoryboard_iPad.storyboard in Resources */ = {isa = PBXBuildFile; fileRef = 7061B0A015FA8E1A00A83E0A /* MainStoryboard_iPad.storyboard */; };
		7061B0A515FA8E1A00A83E0A /* BRViewController.m in Sources */ = {isa = PBXBuildFile; fileRef = 7061B0A415FA8E1A00A83E0A /* BRViewController.m */; };
/* End PBXBuildFile section */

/* Begin PBXFileReference section */
		7061B08715FA8E1A00A83E0A /* Breviar.app */ = {isa = PBXFileReference; explicitFileType = wrapper.application; includeInIndex = 0; path = Breviar.app; sourceTree = BUILT_PRODUCTS_DIR; };
		7061B08B15FA8E1A00A83E0A /* UIKit.framework */ = {isa = PBXFileReference; lastKnownFileType = wrapper.framework; name = UIKit.framework; path = System/Library/Frameworks/UIKit.framework; sourceTree = SDKROOT; };
		7061B08D15FA8E1A00A83E0A /* Foundation.framework */ = {isa = PBXFileReference; lastKnownFileType = wrapper.framework; name = Foundation.framework; path = System/Library/Frameworks/Foundation.framework; sourceTree = SDKROOT; };
		7061B08F15FA8E1A00A83E0A /* CoreGraphics.framework */ = {isa = PBXFileReference; lastKnownFileType = wrapper.framework; name = CoreGraphics.framework; path = System/Library/Frameworks/CoreGraphics.framework; sourceTree = SDKROOT; };
		7061B09315FA8E1A00A83E0A /* Breviar-Info.plist */ = {isa = PBXFileReference; lastKnownFileType = text.plist.xml; path = "Breviar-Info.plist"; sourceTree = "<group>"; };
		7061B09515FA8E1A00A83E0A /* en */ = {isa = PBXFileReference; lastKnownFileType = text.plist.strings; name = en; path = en.lproj/InfoPlist.strings; sourceTree = "<group>"; };
		7061B09715FA8E1A00A83E0A /* main.m */ = {isa = PBXFileReference; lastKnownFileType = sourcecode.c.objc; path = main.m; sourceTree = "<group>"; };
		7061B09915FA8E1A00A83E0A /* Breviar-Prefix.pch */ = {isa = PBXFileReference; lastKnownFileType = sourcecode.c.h; path = "Breviar-Prefix.pch"; sourceTree = "<group>"; };
		7061B09A15FA8E1A00A83E0A /* BRAppDelegate.h */ = {isa = PBXFileReference; lastKnownFileType = sourcecode.c.h; path = BRAppDelegate.h; sourceTree = "<group>"; };
		7061B09B15FA8E1A00A83E0A /* BRAppDelegate.m */ = {isa = PBXFileReference; lastKnownFileType = sourcecode.c.objc; path = BRAppDelegate.m; sourceTree = "<group>"; };
		7061B09E15FA8E1A00A83E0A /* en */ = {isa = PBXFileReference; lastKnownFileType = file.storyboard; name = en; path = en.lproj/MainStoryboard_iPhone.storyboard; sourceTree = "<group>"; };
		7061B0A115FA8E1A00A83E0A /* en */ = {isa = PBXFileReference; lastKnownFileType = file.storyboard; name = en; path = en.lproj/MainStoryboard_iPad.storyboard; sourceTree = "<group>"; };
		7061B0A315FA8E1A00A83E0A /* BRViewController.h */ = {isa = PBXFileReference; lastKnownFileType = sourcecode.c.h; path = BRViewController.h; sourceTree = "<group>"; };
		7061B0A415FA8E1A00A83E0A /* BRViewController.m */ = {isa = PBXFileReference; lastKnownFileType = sourcecode.c.objc; path = BRViewController.m; sourceTree = "<group>"; };
/* End PBXFileReference section */

/* Begin PBXFrameworksBuildPhase section */
		7061B08415FA8E1A00A83E0A /* Frameworks */ = {
			isa = PBXFrameworksBuildPhase;
			buildActionMask = 2147483647;
			files = (
				7061B08C15FA8E1A00A83E0A /* UIKit.framework in Frameworks */,
				7061B08E15FA8E1A00A83E0A /* Foundation.framework in Frameworks */,
				7061B09015FA8E1A00A83E0A /* CoreGraphics.framework in Frameworks */,
			);
			runOnlyForDeploymentPostprocessing = 0;
		};
/* End PBXFrameworksBuildPhase section */

/* Begin PBXGroup section */
		7061B07C15FA8E1A00A83E0A = {
			isa = PBXGroup;
			children = (
				7061B09115FA8E1A00A83E0A /* Breviar */,
				7061B08A15FA8E1A00A83E0A /* Frameworks */,
				7061B08815FA8E1A00A83E0A /* Products */,
			);
			sourceTree = "<group>";
		};
		7061B08815FA8E1A00A83E0A /* Products */ = {
			isa = PBXGroup;
			children = (
				7061B08715FA8E1A00A83E0A /* Breviar.app */,
			);
			name = Products;
			sourceTree = "<group>";
		};
		7061B08A15FA8E1A00A83E0A /* Frameworks */ = {
			isa = PBXGroup;
			children = (
				7061B08B15FA8E1A00A83E0A /* UIKit.framework */,
				7061B08D15FA8E1A00A83E0A /* Foundation.framework */,
				7061B08F15FA8E1A00A83E0A /* CoreGraphics.framework */,
			);
			name = Frameworks;
			sourceTree = "<group>";
		};
		7061B09115FA8E1A00A83E0A /* Breviar */ = {
			isa = PBXGroup;
			children = (
				7061B09A15FA8E1A00A83E0A /* BRAppDelegate.h */,
				7061B09B15FA8E1A00A83E0A /* BRAppDelegate.m */,
				7061B09D15FA8E1A00A83E0A /* MainStoryboard_iPhone.storyboard */,
				7061B0A015FA8E1A00A83E0A /* MainStoryboard_iPad.storyboard */,
				7061B0A315FA8E1A00A83E0A /* BRViewController.h */,
				7061B0A415FA8E1A00A83E0A /* BRViewController.m */,
				7061B09215FA8E1A00A83E0A /* Supporting Files */,
			);
			path = Breviar;
			sourceTree = "<group>";
		};
		7061B09215FA8E1A00A83E0A /* Supporting Files */ = {
			isa = PBXGroup;
			children = (
				7061B09315FA8E1A00A83E0A /* Breviar-Info.plist */,
				7061B09415FA8E1A00A83E0A /* InfoPlist.strings */,
				7061B09715FA8E1A00A83E0A /* main.m */,
				7061B09915FA8E1A00A83E0A /* Breviar-Prefix.pch */,
			);
			name = "Supporting Files";
			sourceTree = "<group>";
		};
/* End PBXGroup section */

/* Begin PBXNativeTarget section */
		7061B08615FA8E1A00A83E0A /* Breviar */ = {
			isa = PBXNativeTarget;
			buildConfigurationList = 7061B0A815FA8E1A00A83E0A /* Build configuration list for PBXNativeTarget "Breviar" */;
			buildPhases = (
				7061B08315FA8E1A00A83E0A /* Sources */,
				7061B08415FA8E1A00A83E0A /* Frameworks */,
				7061B08515FA8E1A00A83E0A /* Resources */,
			);
			buildRules = (
			);
			dependencies = (
			);
			name = Breviar;
			productName = Breviar;
			productReference = 7061B08715FA8E1A00A83E0A /* Breviar.app */;
			productType = "com.apple.product-type.application";
		};
/* End PBXNativeTarget section */

/* Begin PBXProject section */
		7061B07E15FA8E1A00A83E0A /* Project object */ = {
			isa = PBXProject;
			attributes = {
				CLASSPREFIX = BR;
				LastUpgradeCheck = 0440;
			};
			buildConfigurationList = 7061B08115FA8E1A00A83E0A /* Build configuration list for PBXProject "Breviar" */;
			compatibilityVersion = "Xcode 3.2";
			developmentRegion = English;
			hasScannedForEncodings = 0;
			knownRegions = (
				en,
			);
			mainGroup = 7061B07C15FA8E1A00A83E0A;
			productRefGroup = 7061B08815FA8E1A00A83E0A /* Products */;
			projectDirPath = "";
			projectRoot = "";
			targets = (
				7061B08615FA8E1A00A83E0A /* Breviar */,
			);
		};
/* End PBXProject section */

/* Begin PBXResourcesBuildPhase section */
		7061B08515FA8E1A00A83E0A /* Resources */ = {
			isa = PBXResourcesBuildPhase;
			buildActionMask = 2147483647;
			files = (
				7061B09615FA8E1A00A83E0A /* InfoPlist.strings in Resources */,
				7061B09F15FA8E1A00A83E0A /* MainStoryboard_iPhone.storyboard in Resources */,
				7061B0A215FA8E1A00A83E0A /* MainStoryboard_iPad.storyboard in Resources */,
			);
			runOnlyForDeploymentPostprocessing = 0;
		};
/* End PBXResourcesBuildPhase section */

/* Begin PBXSourcesBuildPhase section */
		7061B08315FA8E1A00A83E0A /* Sources */ = {
			isa = PBXSourcesBuildPhase;
			buildActionMask = 2147483647;
			files = (
				7061B09815FA8E1A00A83E0A /* main.m in Sources */,
				7061B09C15FA8E1A00A83E0A /* BRAppDelegate.m in Sources */,
				7061B0A515FA8E1A00A83E0A /* BRViewController.m in Sources */,
			);
			runOnlyForDeploymentPostprocessing = 0;
		};
/* End PBXSourcesBuildPhase section */

/* Begin PBXVariantGroup section */
		7061B09415FA8E1A00A83E0A /* InfoPlist.strings */ = {
			isa = PBXVariantGroup;
			children = (
				7061B09515FA8E1A00A83E0A /* en */,
			);
			name = InfoPlist.strings;
			sourceTree = "<group>";
		};
		7061B09D15FA8E1A00A83E0A /* MainStoryboard_iPhone.storyboard */ = {
			isa = PBXVariantGroup;
			children = (
				7061B09E15FA8E1A00A83E0A /* en */,
			);
			name = MainStoryboard_iPhone.storyboard;
			sourceTree = "<group>";
		};
		7061B0A015FA8E1A00A83E0A /* MainStoryboard_iPad.storyboard */ = {
			isa = PBXVariantGroup;
			children = (
				7061B0A115FA8E1A00A83E0A /* en */,
			);
			name = MainStoryboard_iPad.storyboard;
			sourceTree = "<group>";
		};
/* End PBXVariantGroup section */

/* Begin XCBuildConfiguration section */
		7061B0A615FA8E1A00A83E0A /* Debug */ = {
			isa = XCBuildConfiguration;
			buildSettings = {
				ALWAYS_SEARCH_USER_PATHS = NO;
				ARCHS = "$(ARCHS_STANDARD_32_BIT)";
				CLANG_CXX_LANGUAGE_STANDARD = "gnu++0x";
				CLANG_ENABLE_OBJC_ARC = YES;
				CLANG_WARN__DUPLICATE_METHOD_MATCH = YES;
				"CODE_SIGN_IDENTITY[sdk=iphoneos*]" = "iPhone Developer";
				COPY_PHASE_STRIP = NO;
				GCC_C_LANGUAGE_STANDARD = gnu99;
				GCC_DYNAMIC_NO_PIC = NO;
				GCC_OPTIMIZATION_LEVEL = 0;
				GCC_PREPROCESSOR_DEFINITIONS = (
					"DEBUG=1",
					"$(inherited)",
				);
				GCC_SYMBOLS_PRIVATE_EXTERN = NO;
				GCC_VERSION = com.apple.compilers.llvm.clang.1_0;
				GCC_WARN_ABOUT_RETURN_TYPE = YES;
				GCC_WARN_UNINITIALIZED_AUTOS = YES;
				GCC_WARN_UNUSED_VARIABLE = YES;
				IPHONEOS_DEPLOYMENT_TARGET = 5.1;
				SDKROOT = iphoneos;
				TARGETED_DEVICE_FAMILY = "1,2";
			};
			name = Debug;
		};
		7061B0A715FA8E1A00A83E0A /* Release */ = {
			isa = XCBuildConfiguration;
			buildSettings = {
				ALWAYS_SEARCH_USER_PATHS = NO;
				ARCHS = "$(ARCHS_STANDARD_32_BIT)";
				CLANG_CXX_LANGUAGE_STANDARD = "gnu++0x";
				CLANG_ENABLE_OBJC_ARC = YES;
				CLANG_WARN__DUPLICATE_METHOD_MATCH = YES;
				"CODE_SIGN_IDENTITY[sdk=iphoneos*]" = "iPhone Developer";
				COPY_PHASE_STRIP = YES;
				GCC_C_LANGUAGE_STANDARD = gnu99;
				GCC_VERSION = com.apple.compilers.llvm.clang.1_0;
				GCC_WARN_ABOUT_RETURN_TYPE = YES;
				GCC_WARN_UNINITIALIZED_AUTOS = YES;
				GCC_WARN_UNUSED_VARIABLE = YES;
				IPHONEOS_DEPLOYMENT_TARGET = 5.1;
				OTHER_CFLAGS = "-DNS_BLOCK_ASSERTIONS=1";
				SDKROOT = iphoneos;
				TARGETED_DEVICE_FAMILY = "1,2";
				VALIDATE_PRODUCT = YES;
			};
			name = Release;
		};
		7061B0A915FA8E1A00A83E0A /* Debug */ = {
			isa = XCBuildConfiguration;
			buildSettings = {
				GCC_PRECOMPILE_PREFIX_HEADER = YES;
				GCC_PREFIX_HEADER = "Breviar/Breviar-Prefix.pch";
				INFOPLIST_FILE = "Breviar/Breviar-Info.plist";
				PRODUCT_NAME = "$(TARGET_NAME)";
				WRAPPER_EXTENSION = app;
			};
			name = Debug;
		};
		7061B0AA15FA8E1A00A83E0A /* Release */ = {
			isa = XCBuildConfiguration;
			buildSettings = {
				GCC_PRECOMPILE_PREFIX_HEADER = YES;
				GCC_PREFIX_HEADER = "Breviar/Breviar-Prefix.pch";
				INFOPLIST_FILE = "Breviar/Breviar-Info.plist";
				PRODUCT_NAME = "$(TARGET_NAME)";
				WRAPPER_EXTENSION = app;
			};
			name = Release;
		};
/* End XCBuildConfiguration section */

/* Begin XCConfigurationList section */
		7061B08115FA8E1A00A83E0A /* Build configuration list for PBXProject "Breviar" */ = {
			isa = XCConfigurationList;
			buildConfigurations = (
				7061B0A615FA8E1A00A83E0A /* Debug */,
				7061B0A715FA8E1A00A83E0A /* Release */,
			);
			defaultConfigurationIsVisible = 0;
			defaultConfigurationName = Release;
		};
		7061B0A815FA8E1A00A83E0A /* Build configuration list for PBXNativeTarget "Breviar" */ = {
			isa = XCConfigurationList;
			buildConfigurations = (
				7061B0A915FA8E1A00A83E0A /* Debug */,
				7061B0AA15FA8E1A00A83E0A /* Release */,
			);
			defaultConfigurationIsVisible = 0;
		};
/* End XCConfigurationList section */
	};
	rootObject = 7061B07E15FA8E1A00A83E0A /* Project object */;
}
